// !$*UTF8*$!
{
	archiveVersion = 1;
	classes = {
	};
	objectVersion = 56;
	objects = {

/* Begin PBXBuildFile section */
		065DCC50D24865D28FAA78A6 /* TitleScreenView.swift in Sources */ = {isa = PBXBuildFile; fileRef = 33B21352D5C6A31B8DA4BFC2 /* TitleScreenView.swift */; };
		0F6131BF98A95CB10A210340 /* DesignSystem.swift in Sources */ = {isa = PBXBuildFile; fileRef = E87FEE70B7D6DDA43E9BAF90 /* DesignSystem.swift */; };
		15B7614B19043A66E758C0EE /* PrivacyInfo.xcprivacy in Resources */ = {isa = PBXBuildFile; fileRef = BCDABC969BAE991D5B8C4AD9 /* PrivacyInfo.xcprivacy */; };
		1ADA63F18F40410539B15AAA /* MonthlyCompleteView.swift in Sources */ = {isa = PBXBuildFile; fileRef = 4E86F6F3597C7779FF347B30 /* MonthlyCompleteView.swift */; };
		1EDBA216EB6EC347588C3828 /* CelebrationFlowState.swift in Sources */ = {isa = PBXBuildFile; fileRef = 40D2C1A443B5E2DA4D35F784 /* CelebrationFlowState.swift */; };
		2AEAEDBC79209367C0B8C2BA /* CozyCard.swift in Sources */ = {isa = PBXBuildFile; fileRef = 1D1BA9F05B24438C97E22294 /* CozyCard.swift */; };
		2B48EA2D9EDBE727D8CAE64D /* AnimationProfile.swift in Sources */ = {isa = PBXBuildFile; fileRef = 413229701DFFB61C50BFCB28 /* AnimationProfile.swift */; };
		32279F493F5E99555ABC0F29 /* RootTabView.swift in Sources */ = {isa = PBXBuildFile; fileRef = 615AEC9403DCBDE722103E14 /* RootTabView.swift */; };
		44F4AD03196B1E2BA03D3FF5 /* AnimationProfileTests.swift in Sources */ = {isa = PBXBuildFile; fileRef = C78CB8151BE9F079E83C20DF /* AnimationProfileTests.swift */; };
		45F7AFCF7CDEA8921A11CD23 /* HomeBadgeLabel.swift in Sources */ = {isa = PBXBuildFile; fileRef = A456CDBE797B00F6A0118C47 /* HomeBadgeLabel.swift */; };
		4B9028C694BD7F96945A6103 /* MilestoneToastView.swift in Sources */ = {isa = PBXBuildFile; fileRef = 230E0262503D2030654AFAAE /* MilestoneToastView.swift */; };
		58C2CEA26D199AFA5C6389E2 /* TabTopStrip.swift in Sources */ = {isa = PBXBuildFile; fileRef = C45A54DC1CAA2E7F6B3ABF66 /* TabTopStrip.swift */; };
		5AFC7EB756392240D81613B7 /* CelebrationCoordinatorTests.swift in Sources */ = {isa = PBXBuildFile; fileRef = 7AB0DBDB70B8C58492270E45 /* CelebrationCoordinatorTests.swift */; };
		666B2FE2467C83BB177BA196 /* DailyChallengeHeroCard.swift in Sources */ = {isa = PBXBuildFile; fileRef = A779066BD7C56350F85EEB3C /* DailyChallengeHeroCard.swift */; };
		725BF3D90D493D9D66AB8F86 /* ChapterClearView.swift in Sources */ = {isa = PBXBuildFile; fileRef = 2D606BCABD13A7756FFE29FE /* ChapterClearView.swift */; };
		7EECC6B1B345E9C882641297 /* LifeStatusView.swift in Sources */ = {isa = PBXBuildFile; fileRef = 83C2893503ECCBA0FEAB0AE8 /* LifeStatusView.swift */; };
		889686CB38585C19BE36231A /* MilestoneToastHost.swift in Sources */ = {isa = PBXBuildFile; fileRef = F5AB16019F0E8FDF5EAD843C /* MilestoneToastHost.swift */; };
		9F9B2ACA6E249E14A3E0F554 /* IconAsset.swift in Sources */ = {isa = PBXBuildFile; fileRef = 4741F28ABE92D3F73E4E7440 /* IconAsset.swift */; };
		A00000000000000000000001 /* PixelColoringGameApp.swift in Sources */ = {isa = PBXBuildFile; fileRef = B00000000000000000000001 /* PixelColoringGameApp.swift */; };
		A00000000000000000000002 /* AppView.swift in Sources */ = {isa = PBXBuildFile; fileRef = B00000000000000000000002 /* AppView.swift */; };
		A00000000000000000000003 /* LevelRepository.swift in Sources */ = {isa = PBXBuildFile; fileRef = B00000000000000000000003 /* LevelRepository.swift */; };
		A00000000000000000000004 /* GameSessionStore.swift in Sources */ = {isa = PBXBuildFile; fileRef = B00000000000000000000004 /* GameSessionStore.swift */; };
		A00000000000000000000005 /* ProgressStore.swift in Sources */ = {isa = PBXBuildFile; fileRef = B00000000000000000000005 /* ProgressStore.swift */; };
		A00000000000000000000006 /* HintService.swift in Sources */ = {isa = PBXBuildFile; fileRef = B00000000000000000000006 /* HintService.swift */; };
		A00000000000000000000007 /* LevelPreviewRenderer.swift in Sources */ = {isa = PBXBuildFile; fileRef = B00000000000000000000007 /* LevelPreviewRenderer.swift */; };
		A00000000000000000000008 /* LevelManifest.swift in Sources */ = {isa = PBXBuildFile; fileRef = B00000000000000000000008 /* LevelManifest.swift */; };
		A00000000000000000000009 /* LevelCatalogItem.swift in Sources */ = {isa = PBXBuildFile; fileRef = B00000000000000000000009 /* LevelCatalogItem.swift */; };
		A0000000000000000000000A /* LevelCompletionSummary.swift in Sources */ = {isa = PBXBuildFile; fileRef = B0000000000000000000000A /* LevelCompletionSummary.swift */; };
		A0000000000000000000000B /* LevelProgress.swift in Sources */ = {isa = PBXBuildFile; fileRef = B0000000000000000000000B /* LevelProgress.swift */; };
		A0000000000000000000000C /* HomeView.swift in Sources */ = {isa = PBXBuildFile; fileRef = B0000000000000000000000C /* HomeView.swift */; };
		A0000000000000000000000D /* GameView.swift in Sources */ = {isa = PBXBuildFile; fileRef = B0000000000000000000000D /* GameView.swift */; };
		A0000000000000000000000E /* PaletteTrayView.swift in Sources */ = {isa = PBXBuildFile; fileRef = B0000000000000000000000E /* PaletteTrayView.swift */; };
		A0000000000000000000000F /* PixelBoardView.swift in Sources */ = {isa = PBXBuildFile; fileRef = B0000000000000000000000F /* PixelBoardView.swift */; };
		A00000000000000000000010 /* CompletionView.swift in Sources */ = {isa = PBXBuildFile; fileRef = B00000000000000000000010 /* CompletionView.swift */; };
		A00000000000000000000011 /* HexColor.swift in Sources */ = {isa = PBXBuildFile; fileRef = B00000000000000000000011 /* HexColor.swift */; };
		A00000000000000000000012 /* FilledCellsCodec.swift in Sources */ = {isa = PBXBuildFile; fileRef = B00000000000000000000012 /* FilledCellsCodec.swift */; };
		A00000000000000000000013 /* HapticFeedbackRateLimiter.swift in Sources */ = {isa = PBXBuildFile; fileRef = B00000000000000000000013 /* HapticFeedbackRateLimiter.swift */; };
		A00000000000000000000014 /* AppTheme.swift in Sources */ = {isa = PBXBuildFile; fileRef = B00000000000000000000014 /* AppTheme.swift */; };
		A00000000000000000000015 /* Levels in Resources */ = {isa = PBXBuildFile; fileRef = B00000000000000000000015 /* Levels */; };
		A00000000000000000000016 /* FilledCellsCodecTests.swift in Sources */ = {isa = PBXBuildFile; fileRef = B00000000000000000000016 /* FilledCellsCodecTests.swift */; };
		A00000000000000000000017 /* GameSessionStoreTests.swift in Sources */ = {isa = PBXBuildFile; fileRef = B00000000000000000000017 /* GameSessionStoreTests.swift */; };
		A0000000000000000000001B /* GeneratedSolved in Resources */ = {isa = PBXBuildFile; fileRef = B0000000000000000000001A /* GeneratedSolved */; };
		A0000000000000000000001C /* GeneratedThumbnails in Resources */ = {isa = PBXBuildFile; fileRef = B0000000000000000000001B /* GeneratedThumbnails */; };
		A0000000000000000000001D /* Journey in Resources */ = {isa = PBXBuildFile; fileRef = B0000000000000000000001C /* Journey */; };
		A0000000000000000000001E /* JourneyManifest.swift in Sources */ = {isa = PBXBuildFile; fileRef = B0000000000000000000001D /* JourneyManifest.swift */; };
		A0000000000000000000001F /* JourneyRepository.swift in Sources */ = {isa = PBXBuildFile; fileRef = B0000000000000000000001E /* JourneyRepository.swift */; };
		A00000000000000000000080 /* JourneyProgressSnapshot.swift in Sources */ = {isa = PBXBuildFile; fileRef = B0000000000000000000001F /* JourneyProgressSnapshot.swift */; };
		A00000000000000000000081 /* JourneyResetCoordinator.swift in Sources */ = {isa = PBXBuildFile; fileRef = B00000000000000000000020 /* JourneyResetCoordinator.swift */; };
		A00000000000000000000082 /* AppLogger.swift in Sources */ = {isa = PBXBuildFile; fileRef = B00000000000000000000021 /* AppLogger.swift */; };
		A00000000000000000000083 /* JourneyHomeView.swift in Sources */ = {isa = PBXBuildFile; fileRef = B00000000000000000000022 /* JourneyHomeView.swift */; };
		A00000000000000000000084 /* CollectionBookView.swift in Sources */ = {isa = PBXBuildFile; fileRef = B00000000000000000000023 /* CollectionBookView.swift */; };
		A00000000000000000000085 /* JourneyProgressSnapshotTests.swift in Sources */ = {isa = PBXBuildFile; fileRef = B00000000000000000000024 /* JourneyProgressSnapshotTests.swift */; };
		A00000000000000000000086 /* JourneyResetCoordinatorTests.swift in Sources */ = {isa = PBXBuildFile; fileRef = B00000000000000000000025 /* JourneyResetCoordinatorTests.swift */; };
		A00000000000000000000087 /* AppLocalization.swift in Sources */ = {isa = PBXBuildFile; fileRef = B00000000000000000000026 /* AppLocalization.swift */; };
		A00000000000000000000088 /* AppLocalizationPreview.swift in Sources */ = {isa = PBXBuildFile; fileRef = B00000000000000000000027 /* AppLocalizationPreview.swift */; };
		A00000000000000000000089 /* LocalizationTests.swift in Sources */ = {isa = PBXBuildFile; fileRef = B00000000000000000000028 /* LocalizationTests.swift */; };
		A0000000000000000000008A /* Localizable.xcstrings in Resources */ = {isa = PBXBuildFile; fileRef = B00000000000000000000029 /* Localizable.xcstrings */; };
		A0000000000000000000008B /* PlayerProfileStore.swift in Sources */ = {isa = PBXBuildFile; fileRef = B0000000000000000000002A /* PlayerProfileStore.swift */; };
		A0000000000000000000008C /* DailyExperience.swift in Sources */ = {isa = PBXBuildFile; fileRef = B0000000000000000000002B /* DailyExperience.swift */; };
		A0000000000000000000008F /* Assets.xcassets in Resources */ = {isa = PBXBuildFile; fileRef = B0000000000000000000002C /* Assets.xcassets */; };
		A00000000000000000000094 /* EventPresentationComponents.swift in Sources */ = {isa = PBXBuildFile; fileRef = B0000000000000000000002D /* EventPresentationComponents.swift */; };
		A00000000000000000000095 /* EventDetailView.swift in Sources */ = {isa = PBXBuildFile; fileRef = B0000000000000000000002E /* EventDetailView.swift */; };
		A00000000000000000000096 /* DailyExperienceTests.swift in Sources */ = {isa = PBXBuildFile; fileRef = B0000000000000000000002F /* DailyExperienceTests.swift */; };
		A00000000000000000000097 /* Audio in Resources */ = {isa = PBXBuildFile; fileRef = B00000000000000000000030 /* Audio */; };
		AD6B11C78AB3C226AC420EDA /* PrimaryActionButton.swift in Sources */ = {isa = PBXBuildFile; fileRef = 5D0DE1C747400CCE91EFB662 /* PrimaryActionButton.swift */; };
		B044D9BC9A8FE7803E5EAF7D /* StreakAndBadgeCard.swift in Sources */ = {isa = PBXBuildFile; fileRef = DE4E1D0FEBB3665E80C88829 /* StreakAndBadgeCard.swift */; };
		B30C8EF6E6DBE986B1AB21DE /* CelebrationDetector.swift in Sources */ = {isa = PBXBuildFile; fileRef = A00C1002DF049EA890B7D7E0 /* CelebrationDetector.swift */; };
		B33FEBE2669E3C553801BEE7 /* CelebrationEvent.swift in Sources */ = {isa = PBXBuildFile; fileRef = E89533B70CDBE208325F2D49 /* CelebrationEvent.swift */; };
		BEBB9655573DCD004CF1CC0E /* CelebrationsSeenStorageTests.swift in Sources */ = {isa = PBXBuildFile; fileRef = FC5C088E0A36D6F831F5A349 /* CelebrationsSeenStorageTests.swift */; };
		C0000000000000000000A001 /* AudioAssetTests.swift in Sources */ = {isa = PBXBuildFile; fileRef = D0000000000000000000A001 /* AudioAssetTests.swift */; };
		C0000000000000000000A002 /* AudioAsset.swift in Sources */ = {isa = PBXBuildFile; fileRef = D0000000000000000000A002 /* AudioAsset.swift */; };
		C0000000000000000000A003 /* ChapterBGMResolverTests.swift in Sources */ = {isa = PBXBuildFile; fileRef = D0000000000000000000A003 /* ChapterBGMResolverTests.swift */; };
		C0000000000000000000A004 /* ChapterBGMResolver.swift in Sources */ = {isa = PBXBuildFile; fileRef = D0000000000000000000A004 /* ChapterBGMResolver.swift */; };
		C0000000000000000000A005 /* AudioPlayer.swift in Sources */ = {isa = PBXBuildFile; fileRef = D0000000000000000000A005 /* AudioPlayer.swift */; };
		C0000000000000000000A006 /* AudioSettingsTests.swift in Sources */ = {isa = PBXBuildFile; fileRef = D0000000000000000000A006 /* AudioSettingsTests.swift */; };
		C0000000000000000000A007 /* AudioSettings.swift in Sources */ = {isa = PBXBuildFile; fileRef = D0000000000000000000A007 /* AudioSettings.swift */; };
		C0000000000000000000A008 /* AudioPlayerService.swift in Sources */ = {isa = PBXBuildFile; fileRef = D0000000000000000000A008 /* AudioPlayerService.swift */; };
		CF8A10526842957829E11C84 /* JourneyCompleteView.swift in Sources */ = {isa = PBXBuildFile; fileRef = 212470F98227412656886FDB /* JourneyCompleteView.swift */; };
		D0C14DD5F68C89116F5D8466 /* DailyHubView.swift in Sources */ = {isa = PBXBuildFile; fileRef = 4EBD947BCCC425A2A1BA9445 /* DailyHubView.swift */; };
		D4F6883A2FCDA26E00F3D662 /* GoogleMobileAds in Frameworks */ = {isa = PBXBuildFile; productRef = D4F688392FCDA26E00F3D662 /* GoogleMobileAds */; };
		D6052BCEB83888852903AC59 /* ParticleEmitterView.swift in Sources */ = {isa = PBXBuildFile; fileRef = A8760EC2022B870E21ADDBF9 /* ParticleEmitterView.swift */; };
		D7CA5F35CCE12938386E0490 /* CelebrationCoordinator.swift in Sources */ = {isa = PBXBuildFile; fileRef = D1780D0FD92C4D8F8666B94B /* CelebrationCoordinator.swift */; };
		E6D9C90F405C237B501F35CD /* JourneyTopBar.swift in Sources */ = {isa = PBXBuildFile; fileRef = 52330227F1D3A3EAF7745BA4 /* JourneyTopBar.swift */; };
		EBB7BEC89EDC2E88D471A728 /* DebugMenuView.swift in Sources */ = {isa = PBXBuildFile; fileRef = 249111C2329FE75E168D2F4F /* DebugMenuView.swift */; };
		FF929BE7BB922C2464AB8810 /* CelebrationDetectorTests.swift in Sources */ = {isa = PBXBuildFile; fileRef = B87CC13EEDA3CAA03780F582 /* CelebrationDetectorTests.swift */; };
/* End PBXBuildFile section */

/* Begin PBXContainerItemProxy section */
		A00000000000000000000018 /* PBXContainerItemProxy */ = {
			isa = PBXContainerItemProxy;
			containerPortal = A00000000000000000000030 /* Project object */;
			proxyType = 1;
			remoteGlobalIDString = A00000000000000000000040;
			remoteInfo = PixelColoringGame;
		};
/* End PBXContainerItemProxy section */

/* Begin PBXFileReference section */
		1D1BA9F05B24438C97E22294 /* CozyCard.swift */ = {isa = PBXFileReference; includeInIndex = 1; lastKnownFileType = sourcecode.swift; path = CozyCard.swift; sourceTree = "<group>"; };
		212470F98227412656886FDB /* JourneyCompleteView.swift */ = {isa = PBXFileReference; includeInIndex = 1; lastKnownFileType = sourcecode.swift; path = JourneyCompleteView.swift; sourceTree = "<group>"; };
		230E0262503D2030654AFAAE /* MilestoneToastView.swift */ = {isa = PBXFileReference; includeInIndex = 1; lastKnownFileType = sourcecode.swift; path = MilestoneToastView.swift; sourceTree = "<group>"; };
		249111C2329FE75E168D2F4F /* DebugMenuView.swift */ = {isa = PBXFileReference; includeInIndex = 1; lastKnownFileType = sourcecode.swift; path = DebugMenuView.swift; sourceTree = "<group>"; };
		2D606BCABD13A7756FFE29FE /* ChapterClearView.swift */ = {isa = PBXFileReference; includeInIndex = 1; lastKnownFileType = sourcecode.swift; path = ChapterClearView.swift; sourceTree = "<group>"; };
		33B21352D5C6A31B8DA4BFC2 /* TitleScreenView.swift */ = {isa = PBXFileReference; includeInIndex = 1; lastKnownFileType = sourcecode.swift; path = TitleScreenView.swift; sourceTree = "<group>"; };
		40D2C1A443B5E2DA4D35F784 /* CelebrationFlowState.swift */ = {isa = PBXFileReference; includeInIndex = 1; lastKnownFileType = sourcecode.swift; path = CelebrationFlowState.swift; sourceTree = "<group>"; };
		413229701DFFB61C50BFCB28 /* AnimationProfile.swift */ = {isa = PBXFileReference; includeInIndex = 1; lastKnownFileType = sourcecode.swift; path = AnimationProfile.swift; sourceTree = "<group>"; };
		4741F28ABE92D3F73E4E7440 /* IconAsset.swift */ = {isa = PBXFileReference; includeInIndex = 1; lastKnownFileType = sourcecode.swift; path = IconAsset.swift; sourceTree = "<group>"; };
		4E86F6F3597C7779FF347B30 /* MonthlyCompleteView.swift */ = {isa = PBXFileReference; includeInIndex = 1; lastKnownFileType = sourcecode.swift; path = MonthlyCompleteView.swift; sourceTree = "<group>"; };
		4EBD947BCCC425A2A1BA9445 /* DailyHubView.swift */ = {isa = PBXFileReference; includeInIndex = 1; lastKnownFileType = sourcecode.swift; path = DailyHubView.swift; sourceTree = "<group>"; };
		52330227F1D3A3EAF7745BA4 /* JourneyTopBar.swift */ = {isa = PBXFileReference; includeInIndex = 1; lastKnownFileType = sourcecode.swift; path = JourneyTopBar.swift; sourceTree = "<group>"; };
		5D0DE1C747400CCE91EFB662 /* PrimaryActionButton.swift */ = {isa = PBXFileReference; includeInIndex = 1; lastKnownFileType = sourcecode.swift; path = PrimaryActionButton.swift; sourceTree = "<group>"; };
		615AEC9403DCBDE722103E14 /* RootTabView.swift */ = {isa = PBXFileReference; includeInIndex = 1; lastKnownFileType = sourcecode.swift; path = RootTabView.swift; sourceTree = "<group>"; };
		7AB0DBDB70B8C58492270E45 /* CelebrationCoordinatorTests.swift */ = {isa = PBXFileReference; includeInIndex = 1; lastKnownFileType = sourcecode.swift; path = CelebrationCoordinatorTests.swift; sourceTree = "<group>"; };
		83C2893503ECCBA0FEAB0AE8 /* LifeStatusView.swift */ = {isa = PBXFileReference; includeInIndex = 1; lastKnownFileType = sourcecode.swift; path = LifeStatusView.swift; sourceTree = "<group>"; };
		A00C1002DF049EA890B7D7E0 /* CelebrationDetector.swift */ = {isa = PBXFileReference; includeInIndex = 1; lastKnownFileType = sourcecode.swift; path = CelebrationDetector.swift; sourceTree = "<group>"; };
		A456CDBE797B00F6A0118C47 /* HomeBadgeLabel.swift */ = {isa = PBXFileReference; includeInIndex = 1; lastKnownFileType = sourcecode.swift; path = HomeBadgeLabel.swift; sourceTree = "<group>"; };
		A779066BD7C56350F85EEB3C /* DailyChallengeHeroCard.swift */ = {isa = PBXFileReference; includeInIndex = 1; lastKnownFileType = sourcecode.swift; path = DailyChallengeHeroCard.swift; sourceTree = "<group>"; };
		A8760EC2022B870E21ADDBF9 /* ParticleEmitterView.swift */ = {isa = PBXFileReference; includeInIndex = 1; lastKnownFileType = sourcecode.swift; path = ParticleEmitterView.swift; sourceTree = "<group>"; };
		B00000000000000000000001 /* PixelColoringGameApp.swift */ = {isa = PBXFileReference; lastKnownFileType = sourcecode.swift; path = PixelColoringGameApp.swift; sourceTree = "<group>"; };
		B00000000000000000000002 /* AppView.swift */ = {isa = PBXFileReference; lastKnownFileType = sourcecode.swift; path = AppView.swift; sourceTree = "<group>"; };
		B00000000000000000000003 /* LevelRepository.swift */ = {isa = PBXFileReference; lastKnownFileType = sourcecode.swift; path = LevelRepository.swift; sourceTree = "<group>"; };
		B00000000000000000000004 /* GameSessionStore.swift */ = {isa = PBXFileReference; lastKnownFileType = sourcecode.swift; path = GameSessionStore.swift; sourceTree = "<group>"; };
		B00000000000000000000005 /* ProgressStore.swift */ = {isa = PBXFileReference; lastKnownFileType = sourcecode.swift; path = ProgressStore.swift; sourceTree = "<group>"; };
		B00000000000000000000006 /* HintService.swift */ = {isa = PBXFileReference; lastKnownFileType = sourcecode.swift; path = HintService.swift; sourceTree = "<group>"; };
		B00000000000000000000007 /* LevelPreviewRenderer.swift */ = {isa = PBXFileReference; lastKnownFileType = sourcecode.swift; path = LevelPreviewRenderer.swift; sourceTree = "<group>"; };
		B00000000000000000000008 /* LevelManifest.swift */ = {isa = PBXFileReference; lastKnownFileType = sourcecode.swift; path = LevelManifest.swift; sourceTree = "<group>"; };
		B00000000000000000000009 /* LevelCatalogItem.swift */ = {isa = PBXFileReference; lastKnownFileType = sourcecode.swift; path = LevelCatalogItem.swift; sourceTree = "<group>"; };
		B0000000000000000000000A /* LevelCompletionSummary.swift */ = {isa = PBXFileReference; lastKnownFileType = sourcecode.swift; path = LevelCompletionSummary.swift; sourceTree = "<group>"; };
		B0000000000000000000000B /* LevelProgress.swift */ = {isa = PBXFileReference; lastKnownFileType = sourcecode.swift; path = LevelProgress.swift; sourceTree = "<group>"; };
		B0000000000000000000000C /* HomeView.swift */ = {isa = PBXFileReference; lastKnownFileType = sourcecode.swift; path = HomeView.swift; sourceTree = "<group>"; };
		B0000000000000000000000D /* GameView.swift */ = {isa = PBXFileReference; lastKnownFileType = sourcecode.swift; path = GameView.swift; sourceTree = "<group>"; };
		B0000000000000000000000E /* PaletteTrayView.swift */ = {isa = PBXFileReference; lastKnownFileType = sourcecode.swift; path = PaletteTrayView.swift; sourceTree = "<group>"; };
		B0000000000000000000000F /* PixelBoardView.swift */ = {isa = PBXFileReference; lastKnownFileType = sourcecode.swift; path = PixelBoardView.swift; sourceTree = "<group>"; };
		B00000000000000000000010 /* CompletionView.swift */ = {isa = PBXFileReference; lastKnownFileType = sourcecode.swift; path = CompletionView.swift; sourceTree = "<group>"; };
		B00000000000000000000011 /* HexColor.swift */ = {isa = PBXFileReference; lastKnownFileType = sourcecode.swift; path = HexColor.swift; sourceTree = "<group>"; };
		B00000000000000000000012 /* FilledCellsCodec.swift */ = {isa = PBXFileReference; lastKnownFileType = sourcecode.swift; path = FilledCellsCodec.swift; sourceTree = "<group>"; };
		B00000000000000000000013 /* HapticFeedbackRateLimiter.swift */ = {isa = PBXFileReference; lastKnownFileType = sourcecode.swift; path = HapticFeedbackRateLimiter.swift; sourceTree = "<group>"; };
		B00000000000000000000014 /* AppTheme.swift */ = {isa = PBXFileReference; lastKnownFileType = sourcecode.swift; path = AppTheme.swift; sourceTree = "<group>"; };
		B00000000000000000000015 /* Levels */ = {isa = PBXFileReference; lastKnownFileType = folder; path = Levels; sourceTree = "<group>"; };
		B00000000000000000000016 /* FilledCellsCodecTests.swift */ = {isa = PBXFileReference; lastKnownFileType = sourcecode.swift; path = FilledCellsCodecTests.swift; sourceTree = "<group>"; };
		B00000000000000000000017 /* GameSessionStoreTests.swift */ = {isa = PBXFileReference; lastKnownFileType = sourcecode.swift; path = GameSessionStoreTests.swift; sourceTree = "<group>"; };
		B00000000000000000000018 /* PixelColoringGame.app */ = {isa = PBXFileReference; explicitFileType = wrapper.application; includeInIndex = 0; path = PixelColoringGame.app; sourceTree = BUILT_PRODUCTS_DIR; };
		B00000000000000000000019 /* PixelColoringGameTests.xctest */ = {isa = PBXFileReference; explicitFileType = wrapper.cfbundle; includeInIndex = 0; path = PixelColoringGameTests.xctest; sourceTree = BUILT_PRODUCTS_DIR; };
		B0000000000000000000001A /* GeneratedSolved */ = {isa = PBXFileReference; lastKnownFileType = folder; path = GeneratedSolved; sourceTree = "<group>"; };
		B0000000000000000000001B /* GeneratedThumbnails */ = {isa = PBXFileReference; lastKnownFileType = folder; path = GeneratedThumbnails; sourceTree = "<group>"; };
		B0000000000000000000001C /* Journey */ = {isa = PBXFileReference; lastKnownFileType = folder; path = Journey; sourceTree = "<group>"; };
		B0000000000000000000001D /* JourneyManifest.swift */ = {isa = PBXFileReference; lastKnownFileType = sourcecode.swift; path = JourneyManifest.swift; sourceTree = "<group>"; };
		B0000000000000000000001E /* JourneyRepository.swift */ = {isa = PBXFileReference; lastKnownFileType = sourcecode.swift; path = JourneyRepository.swift; sourceTree = "<group>"; };
		B0000000000000000000001F /* JourneyProgressSnapshot.swift */ = {isa = PBXFileReference; lastKnownFileType = sourcecode.swift; path = JourneyProgressSnapshot.swift; sourceTree = "<group>"; };
		B00000000000000000000020 /* JourneyResetCoordinator.swift */ = {isa = PBXFileReference; lastKnownFileType = sourcecode.swift; path = JourneyResetCoordinator.swift; sourceTree = "<group>"; };
		B00000000000000000000021 /* AppLogger.swift */ = {isa = PBXFileReference; lastKnownFileType = sourcecode.swift; path = AppLogger.swift; sourceTree = "<group>"; };
		B00000000000000000000022 /* JourneyHomeView.swift */ = {isa = PBXFileReference; lastKnownFileType = sourcecode.swift; path = JourneyHomeView.swift; sourceTree = "<group>"; };
		B00000000000000000000023 /* CollectionBookView.swift */ = {isa = PBXFileReference; lastKnownFileType = sourcecode.swift; path = CollectionBookView.swift; sourceTree = "<group>"; };
		B00000000000000000000024 /* JourneyProgressSnapshotTests.swift */ = {isa = PBXFileReference; lastKnownFileType = sourcecode.swift; path = JourneyProgressSnapshotTests.swift; sourceTree = "<group>"; };
		B00000000000000000000025 /* JourneyResetCoordinatorTests.swift */ = {isa = PBXFileReference; lastKnownFileType = sourcecode.swift; path = JourneyResetCoordinatorTests.swift; sourceTree = "<group>"; };
		B00000000000000000000026 /* AppLocalization.swift */ = {isa = PBXFileReference; lastKnownFileType = sourcecode.swift; path = AppLocalization.swift; sourceTree = "<group>"; };
		B00000000000000000000027 /* AppLocalizationPreview.swift */ = {isa = PBXFileReference; lastKnownFileType = sourcecode.swift; path = AppLocalizationPreview.swift; sourceTree = "<group>"; };
		B00000000000000000000028 /* LocalizationTests.swift */ = {isa = PBXFileReference; lastKnownFileType = sourcecode.swift; path = LocalizationTests.swift; sourceTree = "<group>"; };
		B00000000000000000000029 /* Localizable.xcstrings */ = {isa = PBXFileReference; lastKnownFileType = text.json.xcstrings; path = Localizable.xcstrings; sourceTree = "<group>"; };
		B0000000000000000000002A /* PlayerProfileStore.swift */ = {isa = PBXFileReference; lastKnownFileType = sourcecode.swift; path = PlayerProfileStore.swift; sourceTree = "<group>"; };
		B0000000000000000000002B /* DailyExperience.swift */ = {isa = PBXFileReference; lastKnownFileType = sourcecode.swift; path = DailyExperience.swift; sourceTree = "<group>"; };
		B0000000000000000000002C /* Assets.xcassets */ = {isa = PBXFileReference; lastKnownFileType = folder.assetcatalog; path = Assets.xcassets; sourceTree = "<group>"; };
		B0000000000000000000002D /* EventPresentationComponents.swift */ = {isa = PBXFileReference; lastKnownFileType = sourcecode.swift; path = EventPresentationComponents.swift; sourceTree = "<group>"; };
		B0000000000000000000002E /* EventDetailView.swift */ = {isa = PBXFileReference; lastKnownFileType = sourcecode.swift; path = EventDetailView.swift; sourceTree = "<group>"; };
		B0000000000000000000002F /* DailyExperienceTests.swift */ = {isa = PBXFileReference; lastKnownFileType = sourcecode.swift; path = DailyExperienceTests.swift; sourceTree = "<group>"; };
		B00000000000000000000030 /* Audio */ = {isa = PBXFileReference; lastKnownFileType = folder; path = Audio; sourceTree = "<group>"; };
		B87CC13EEDA3CAA03780F582 /* CelebrationDetectorTests.swift */ = {isa = PBXFileReference; includeInIndex = 1; lastKnownFileType = sourcecode.swift; path = CelebrationDetectorTests.swift; sourceTree = "<group>"; };
		BCDABC969BAE991D5B8C4AD9 /* PrivacyInfo.xcprivacy */ = {isa = PBXFileReference; includeInIndex = 1; lastKnownFileType = text.plist.xml; path = PrivacyInfo.xcprivacy; sourceTree = "<group>"; };
		C45A54DC1CAA2E7F6B3ABF66 /* TabTopStrip.swift */ = {isa = PBXFileReference; includeInIndex = 1; lastKnownFileType = sourcecode.swift; path = TabTopStrip.swift; sourceTree = "<group>"; };
		C78CB8151BE9F079E83C20DF /* AnimationProfileTests.swift */ = {isa = PBXFileReference; includeInIndex = 1; lastKnownFileType = sourcecode.swift; path = AnimationProfileTests.swift; sourceTree = "<group>"; };
		D0000000000000000000A001 /* AudioAssetTests.swift */ = {isa = PBXFileReference; lastKnownFileType = sourcecode.swift; path = AudioAssetTests.swift; sourceTree = "<group>"; };
		D0000000000000000000A002 /* AudioAsset.swift */ = {isa = PBXFileReference; lastKnownFileType = sourcecode.swift; path = AudioAsset.swift; sourceTree = "<group>"; };
		D0000000000000000000A003 /* ChapterBGMResolverTests.swift */ = {isa = PBXFileReference; lastKnownFileType = sourcecode.swift; path = ChapterBGMResolverTests.swift; sourceTree = "<group>"; };
		D0000000000000000000A004 /* ChapterBGMResolver.swift */ = {isa = PBXFileReference; lastKnownFileType = sourcecode.swift; path = ChapterBGMResolver.swift; sourceTree = "<group>"; };
		D0000000000000000000A005 /* AudioPlayer.swift */ = {isa = PBXFileReference; lastKnownFileType = sourcecode.swift; path = AudioPlayer.swift; sourceTree = "<group>"; };
		D0000000000000000000A006 /* AudioSettingsTests.swift */ = {isa = PBXFileReference; lastKnownFileType = sourcecode.swift; path = AudioSettingsTests.swift; sourceTree = "<group>"; };
		D0000000000000000000A007 /* AudioSettings.swift */ = {isa = PBXFileReference; lastKnownFileType = sourcecode.swift; path = AudioSettings.swift; sourceTree = "<group>"; };
		D0000000000000000000A008 /* AudioPlayerService.swift */ = {isa = PBXFileReference; lastKnownFileType = sourcecode.swift; path = AudioPlayerService.swift; sourceTree = "<group>"; };
		D1780D0FD92C4D8F8666B94B /* CelebrationCoordinator.swift */ = {isa = PBXFileReference; includeInIndex = 1; lastKnownFileType = sourcecode.swift; path = CelebrationCoordinator.swift; sourceTree = "<group>"; };
		DE4E1D0FEBB3665E80C88829 /* StreakAndBadgeCard.swift */ = {isa = PBXFileReference; includeInIndex = 1; lastKnownFileType = sourcecode.swift; path = StreakAndBadgeCard.swift; sourceTree = "<group>"; };
		E87FEE70B7D6DDA43E9BAF90 /* DesignSystem.swift */ = {isa = PBXFileReference; includeInIndex = 1; lastKnownFileType = sourcecode.swift; path = DesignSystem.swift; sourceTree = "<group>"; };
		E89533B70CDBE208325F2D49 /* CelebrationEvent.swift */ = {isa = PBXFileReference; includeInIndex = 1; lastKnownFileType = sourcecode.swift; path = CelebrationEvent.swift; sourceTree = "<group>"; };
		F5AB16019F0E8FDF5EAD843C /* MilestoneToastHost.swift */ = {isa = PBXFileReference; includeInIndex = 1; lastKnownFileType = sourcecode.swift; path = MilestoneToastHost.swift; sourceTree = "<group>"; };
		FC5C088E0A36D6F831F5A349 /* CelebrationsSeenStorageTests.swift */ = {isa = PBXFileReference; includeInIndex = 1; lastKnownFileType = sourcecode.swift; path = CelebrationsSeenStorageTests.swift; sourceTree = "<group>"; };
/* End PBXFileReference section */

/* Begin PBXFrameworksBuildPhase section */
		A00000000000000000000019 /* Frameworks */ = {
			isa = PBXFrameworksBuildPhase;
			buildActionMask = 2147483647;
			files = (
				D4F6883A2FCDA26E00F3D662 /* GoogleMobileAds in Frameworks */,
			);
			runOnlyForDeploymentPostprocessing = 0;
		};
		A0000000000000000000001A /* Frameworks */ = {
			isa = PBXFrameworksBuildPhase;
			buildActionMask = 2147483647;
			files = (
			);
			runOnlyForDeploymentPostprocessing = 0;
		};
/* End PBXFrameworksBuildPhase section */

/* Begin PBXGroup section */
		0A3D0E1F2F51EE01F8547D8C /* Root */ = {
			isa = PBXGroup;
			children = (
				615AEC9403DCBDE722103E14 /* RootTabView.swift */,
				C45A54DC1CAA2E7F6B3ABF66 /* TabTopStrip.swift */,
			);
			path = Root;
			sourceTree = "<group>";
		};
		2B6BAD8B7DA0E9C20DBC173F /* Daily */ = {
			isa = PBXGroup;
			children = (
				A779066BD7C56350F85EEB3C /* DailyChallengeHeroCard.swift */,
				DE4E1D0FEBB3665E80C88829 /* StreakAndBadgeCard.swift */,
				4EBD947BCCC425A2A1BA9445 /* DailyHubView.swift */,
			);
			path = Daily;
			sourceTree = "<group>";
		};
		6F8664BF0C6EA8A9C5DB9B06 /* Celebration */ = {
			isa = PBXGroup;
			children = (
				E89533B70CDBE208325F2D49 /* CelebrationEvent.swift */,
				A00C1002DF049EA890B7D7E0 /* CelebrationDetector.swift */,
				D1780D0FD92C4D8F8666B94B /* CelebrationCoordinator.swift */,
				40D2C1A443B5E2DA4D35F784 /* CelebrationFlowState.swift */,
				A8760EC2022B870E21ADDBF9 /* ParticleEmitterView.swift */,
				2D606BCABD13A7756FFE29FE /* ChapterClearView.swift */,
				212470F98227412656886FDB /* JourneyCompleteView.swift */,
				4E86F6F3597C7779FF347B30 /* MonthlyCompleteView.swift */,
				230E0262503D2030654AFAAE /* MilestoneToastView.swift */,
				F5AB16019F0E8FDF5EAD843C /* MilestoneToastHost.swift */,
			);
			path = Celebration;
			sourceTree = "<group>";
		};
		81E311BFE34DEB9DAE51FDBD /* Sections */ = {
			isa = PBXGroup;
			children = (
				52330227F1D3A3EAF7745BA4 /* JourneyTopBar.swift */,
				83C2893503ECCBA0FEAB0AE8 /* LifeStatusView.swift */,
			);
			path = Sections;
			sourceTree = "<group>";
		};
		9680D21680AF951E1A82EB46 /* Celebration */ = {
			isa = PBXGroup;
			children = (
				C78CB8151BE9F079E83C20DF /* AnimationProfileTests.swift */,
				B87CC13EEDA3CAA03780F582 /* CelebrationDetectorTests.swift */,
				7AB0DBDB70B8C58492270E45 /* CelebrationCoordinatorTests.swift */,
				FC5C088E0A36D6F831F5A349 /* CelebrationsSeenStorageTests.swift */,
			);
			path = Celebration;
			sourceTree = "<group>";
		};
		A00000000000000000000020 = {
			isa = PBXGroup;
			children = (
				A00000000000000000000021 /* PixelColoringGame */,
				A00000000000000000000022 /* PixelColoringGameTests */,
				A00000000000000000000023 /* Products */,
			);
			sourceTree = "<group>";
		};
		A00000000000000000000021 /* PixelColoringGame */ = {
			isa = PBXGroup;
			children = (
				A00000000000000000000024 /* App */,
				A00000000000000000000025 /* Core */,
				A00000000000000000000026 /* Models */,
				A00000000000000000000027 /* Persistence */,
				A00000000000000000000028 /* Features */,
				A00000000000000000000029 /* Utilities */,
				A0000000000000000000002D /* Resources */,
				B0000000000000000000002C /* Assets.xcassets */,
				BCDABC969BAE991D5B8C4AD9 /* PrivacyInfo.xcprivacy */,
			);
			path = PixelColoringGame;
			sourceTree = "<group>";
		};
		A00000000000000000000022 /* PixelColoringGameTests */ = {
			isa = PBXGroup;
			children = (
				B00000000000000000000016 /* FilledCellsCodecTests.swift */,
				B00000000000000000000017 /* GameSessionStoreTests.swift */,
				B00000000000000000000024 /* JourneyProgressSnapshotTests.swift */,
				B00000000000000000000025 /* JourneyResetCoordinatorTests.swift */,
				B00000000000000000000028 /* LocalizationTests.swift */,
				B0000000000000000000002F /* DailyExperienceTests.swift */,
				D0000000000000000000A001 /* AudioAssetTests.swift */,
				D0000000000000000000A003 /* ChapterBGMResolverTests.swift */,
				D0000000000000000000A006 /* AudioSettingsTests.swift */,
				9680D21680AF951E1A82EB46 /* Celebration */,
			);
			path = PixelColoringGameTests;
			sourceTree = "<group>";
		};
		A00000000000000000000023 /* Products */ = {
			isa = PBXGroup;
			children = (
				B00000000000000000000018 /* PixelColoringGame.app */,
				B00000000000000000000019 /* PixelColoringGameTests.xctest */,
			);
			name = Products;
			sourceTree = "<group>";
		};
		A00000000000000000000024 /* App */ = {
			isa = PBXGroup;
			children = (
				B00000000000000000000001 /* PixelColoringGameApp.swift */,
				B00000000000000000000002 /* AppView.swift */,
			);
			path = App;
			sourceTree = "<group>";
		};
		A00000000000000000000025 /* Core */ = {
			isa = PBXGroup;
			children = (
				E0000000000000000000A001 /* Audio */,
				B00000000000000000000003 /* LevelRepository.swift */,
				B00000000000000000000026 /* AppLocalization.swift */,
				B0000000000000000000002B /* DailyExperience.swift */,
				B00000000000000000000004 /* GameSessionStore.swift */,
				B00000000000000000000005 /* ProgressStore.swift */,
				B00000000000000000000006 /* HintService.swift */,
				B00000000000000000000007 /* LevelPreviewRenderer.swift */,
				B0000000000000000000001E /* JourneyRepository.swift */,
				B0000000000000000000001F /* JourneyProgressSnapshot.swift */,
				B00000000000000000000020 /* JourneyResetCoordinator.swift */,
				B00000000000000000000021 /* AppLogger.swift */,
				B0000000000000000000002A /* PlayerProfileStore.swift */,
			);
			path = Core;
			sourceTree = "<group>";
		};
		A00000000000000000000026 /* Models */ = {
			isa = PBXGroup;
			children = (
				B00000000000000000000008 /* LevelManifest.swift */,
				B00000000000000000000009 /* LevelCatalogItem.swift */,
				B0000000000000000000000A /* LevelCompletionSummary.swift */,
				B0000000000000000000001D /* JourneyManifest.swift */,
			);
			path = Models;
			sourceTree = "<group>";
		};
		A00000000000000000000027 /* Persistence */ = {
			isa = PBXGroup;
			children = (
				B0000000000000000000000B /* LevelProgress.swift */,
			);
			path = Persistence;
			sourceTree = "<group>";
		};
		A00000000000000000000028 /* Features */ = {
			isa = PBXGroup;
			children = (
				A0000000000000000000002A /* Home */,
				A0000000000000000000002B /* Game */,
				A0000000000000000000002E /* Journey */,
				A0000000000000000000002F /* Collection */,
				A0000000000000000000002C /* Completion */,
				A9A73B19590F8233AE12581B /* Components */,
				D010B6AB8A83F2A9E845614D /* Title */,
				0A3D0E1F2F51EE01F8547D8C /* Root */,
				2B6BAD8B7DA0E9C20DBC173F /* Daily */,
				6F8664BF0C6EA8A9C5DB9B06 /* Celebration */,
				A6EF2310D79AA712891AEB7C /* Debug */,
			);
			path = Features;
			sourceTree = "<group>";
		};
		A00000000000000000000029 /* Utilities */ = {
			isa = PBXGroup;
			children = (
				B00000000000000000000011 /* HexColor.swift */,
				B00000000000000000000012 /* FilledCellsCodec.swift */,
				B00000000000000000000013 /* HapticFeedbackRateLimiter.swift */,
				B00000000000000000000014 /* AppTheme.swift */,
				B00000000000000000000027 /* AppLocalizationPreview.swift */,
				4741F28ABE92D3F73E4E7440 /* IconAsset.swift */,
				E87FEE70B7D6DDA43E9BAF90 /* DesignSystem.swift */,
				413229701DFFB61C50BFCB28 /* AnimationProfile.swift */,
			);
			path = Utilities;
			sourceTree = "<group>";
		};
		A0000000000000000000002A /* Home */ = {
			isa = PBXGroup;
			children = (
				B0000000000000000000000C /* HomeView.swift */,
			);
			path = Home;
			sourceTree = "<group>";
		};
		A0000000000000000000002B /* Game */ = {
			isa = PBXGroup;
			children = (
				B0000000000000000000000D /* GameView.swift */,
				B0000000000000000000000E /* PaletteTrayView.swift */,
				B0000000000000000000000F /* PixelBoardView.swift */,
			);
			path = Game;
			sourceTree = "<group>";
		};
		A0000000000000000000002C /* Completion */ = {
			isa = PBXGroup;
			children = (
				B00000000000000000000010 /* CompletionView.swift */,
			);
			path = Completion;
			sourceTree = "<group>";
		};
		A0000000000000000000002D /* Resources */ = {
			isa = PBXGroup;
			children = (
				B00000000000000000000029 /* Localizable.xcstrings */,
				B00000000000000000000015 /* Levels */,
				B0000000000000000000001A /* GeneratedSolved */,
				B0000000000000000000001B /* GeneratedThumbnails */,
				B0000000000000000000001C /* Journey */,
				B00000000000000000000030 /* Audio */,
			);
			path = Resources;
			sourceTree = "<group>";
		};
		A0000000000000000000002E /* Journey */ = {
			isa = PBXGroup;
			children = (
				B0000000000000000000002D /* EventPresentationComponents.swift */,
				B0000000000000000000002E /* EventDetailView.swift */,
				B00000000000000000000022 /* JourneyHomeView.swift */,
				81E311BFE34DEB9DAE51FDBD /* Sections */,
			);
			path = Journey;
			sourceTree = "<group>";
		};
		A0000000000000000000002F /* Collection */ = {
			isa = PBXGroup;
			children = (
				B00000000000000000000023 /* CollectionBookView.swift */,
			);
			path = Collection;
			sourceTree = "<group>";
		};
		A6EF2310D79AA712891AEB7C /* Debug */ = {
			isa = PBXGroup;
			children = (
				249111C2329FE75E168D2F4F /* DebugMenuView.swift */,
			);
			path = Debug;
			sourceTree = "<group>";
		};
		A9A73B19590F8233AE12581B /* Components */ = {
			isa = PBXGroup;
			children = (
				1D1BA9F05B24438C97E22294 /* CozyCard.swift */,
				5D0DE1C747400CCE91EFB662 /* PrimaryActionButton.swift */,
				A456CDBE797B00F6A0118C47 /* HomeBadgeLabel.swift */,
			);
			path = Components;
			sourceTree = "<group>";
		};
		D010B6AB8A83F2A9E845614D /* Title */ = {
			isa = PBXGroup;
			children = (
				33B21352D5C6A31B8DA4BFC2 /* TitleScreenView.swift */,
			);
			path = Title;
			sourceTree = "<group>";
		};
		E0000000000000000000A001 /* Audio */ = {
			isa = PBXGroup;
			children = (
				D0000000000000000000A002 /* AudioAsset.swift */,
				D0000000000000000000A004 /* ChapterBGMResolver.swift */,
				D0000000000000000000A005 /* AudioPlayer.swift */,
				D0000000000000000000A007 /* AudioSettings.swift */,
				D0000000000000000000A008 /* AudioPlayerService.swift */,
			);
			path = Audio;
			sourceTree = "<group>";
		};
/* End PBXGroup section */

/* Begin PBXNativeTarget section */
		A00000000000000000000040 /* PixelColoringGame */ = {
			isa = PBXNativeTarget;
			buildConfigurationList = A00000000000000000000050 /* Build configuration list for PBXNativeTarget "PixelColoringGame" */;
			buildPhases = (
				A00000000000000000000060 /* Sources */,
				A00000000000000000000019 /* Frameworks */,
				A00000000000000000000061 /* Resources */,
			);
			buildRules = (
			);
			dependencies = (
			);
			name = PixelColoringGame;
			packageProductDependencies = (
				D4F688392FCDA26E00F3D662 /* GoogleMobileAds */,
			);
			productName = PixelColoringGame;
			productReference = B00000000000000000000018 /* PixelColoringGame.app */;
			productType = "com.apple.product-type.application";
		};
		A00000000000000000000041 /* PixelColoringGameTests */ = {
			isa = PBXNativeTarget;
			buildConfigurationList = A00000000000000000000051 /* Build configuration list for PBXNativeTarget "PixelColoringGameTests" */;
			buildPhases = (
				A00000000000000000000062 /* Sources */,
				A0000000000000000000001A /* Frameworks */,
				A00000000000000000000063 /* Resources */,
			);
			buildRules = (
			);
			dependencies = (
				A00000000000000000000064 /* PBXTargetDependency */,
			);
			name = PixelColoringGameTests;
			productName = PixelColoringGameTests;
			productReference = B00000000000000000000019 /* PixelColoringGameTests.xctest */;
			productType = "com.apple.product-type.bundle.unit-test";
		};
/* End PBXNativeTarget section */

/* Begin PBXProject section */
		A00000000000000000000030 /* Project object */ = {
			isa = PBXProject;
			attributes = {
				BuildIndependentTargetsInParallel = 1;
				LastSwiftUpdateCheck = 2620;
				LastUpgradeCheck = 2620;
				TargetAttributes = {
					A00000000000000000000040 = {
						CreatedOnToolsVersion = 26.2;
					};
					A00000000000000000000041 = {
						CreatedOnToolsVersion = 26.2;
						TestTargetID = A00000000000000000000040;
					};
				};
			};
			buildConfigurationList = A00000000000000000000052 /* Build configuration list for PBXProject "PixelColoringGame" */;
			compatibilityVersion = "Xcode 14.0";
			developmentRegion = en;
			hasScannedForEncodings = 0;
			knownRegions = (
				en,
				ja,
				Base,
			);
			mainGroup = A00000000000000000000020;
			packageReferences = (
				D4F688382FCDA26E00F3D662 /* XCRemoteSwiftPackageReference "swift-package-manager-google-mobile-ads" */,
				D4F6883B2FCDA3CD00F3D662 /* XCRemoteSwiftPackageReference "swift-package-manager-google-user-messaging-platform" */,
			);
			productRefGroup = A00000000000000000000023 /* Products */;
			projectDirPath = "";
			projectRoot = "";
			targets = (
				A00000000000000000000040 /* PixelColoringGame */,
				A00000000000000000000041 /* PixelColoringGameTests */,
			);
		};
/* End PBXProject section */

/* Begin PBXResourcesBuildPhase section */
		A00000000000000000000061 /* Resources */ = {
			isa = PBXResourcesBuildPhase;
			buildActionMask = 2147483647;
			files = (
				A0000000000000000000008F /* Assets.xcassets in Resources */,
				A0000000000000000000008A /* Localizable.xcstrings in Resources */,
				A00000000000000000000015 /* Levels in Resources */,
				A0000000000000000000001B /* GeneratedSolved in Resources */,
				A0000000000000000000001C /* GeneratedThumbnails in Resources */,
				A0000000000000000000001D /* Journey in Resources */,
				A00000000000000000000097 /* Audio in Resources */,
				15B7614B19043A66E758C0EE /* PrivacyInfo.xcprivacy in Resources */,
			);
			runOnlyForDeploymentPostprocessing = 0;
		};
		A00000000000000000000063 /* Resources */ = {
			isa = PBXResourcesBuildPhase;
			buildActionMask = 2147483647;
			files = (
			);
			runOnlyForDeploymentPostprocessing = 0;
		};
/* End PBXResourcesBuildPhase section */

/* Begin PBXSourcesBuildPhase section */
		A00000000000000000000060 /* Sources */ = {
			isa = PBXSourcesBuildPhase;
			buildActionMask = 2147483647;
			files = (
				A00000000000000000000001 /* PixelColoringGameApp.swift in Sources */,
				A00000000000000000000002 /* AppView.swift in Sources */,
				A00000000000000000000003 /* LevelRepository.swift in Sources */,
				A00000000000000000000004 /* GameSessionStore.swift in Sources */,
				A00000000000000000000005 /* ProgressStore.swift in Sources */,
				A00000000000000000000006 /* HintService.swift in Sources */,
				A00000000000000000000007 /* LevelPreviewRenderer.swift in Sources */,
				A00000000000000000000008 /* LevelManifest.swift in Sources */,
				A00000000000000000000009 /* LevelCatalogItem.swift in Sources */,
				A0000000000000000000000A /* LevelCompletionSummary.swift in Sources */,
				A0000000000000000000000B /* LevelProgress.swift in Sources */,
				A0000000000000000000000C /* HomeView.swift in Sources */,
				A0000000000000000000000D /* GameView.swift in Sources */,
				A0000000000000000000000E /* PaletteTrayView.swift in Sources */,
				A0000000000000000000000F /* PixelBoardView.swift in Sources */,
				A00000000000000000000010 /* CompletionView.swift in Sources */,
				A00000000000000000000011 /* HexColor.swift in Sources */,
				A00000000000000000000012 /* FilledCellsCodec.swift in Sources */,
				A00000000000000000000013 /* HapticFeedbackRateLimiter.swift in Sources */,
				A00000000000000000000014 /* AppTheme.swift in Sources */,
				A0000000000000000000001E /* JourneyManifest.swift in Sources */,
				A0000000000000000000001F /* JourneyRepository.swift in Sources */,
				A00000000000000000000080 /* JourneyProgressSnapshot.swift in Sources */,
				A00000000000000000000081 /* JourneyResetCoordinator.swift in Sources */,
				A00000000000000000000082 /* AppLogger.swift in Sources */,
				A00000000000000000000083 /* JourneyHomeView.swift in Sources */,
				A00000000000000000000084 /* CollectionBookView.swift in Sources */,
				A00000000000000000000094 /* EventPresentationComponents.swift in Sources */,
				A00000000000000000000095 /* EventDetailView.swift in Sources */,
				A00000000000000000000087 /* AppLocalization.swift in Sources */,
				A00000000000000000000088 /* AppLocalizationPreview.swift in Sources */,
				A0000000000000000000008B /* PlayerProfileStore.swift in Sources */,
				A0000000000000000000008C /* DailyExperience.swift in Sources */,
				C0000000000000000000A002 /* AudioAsset.swift in Sources */,
				C0000000000000000000A004 /* ChapterBGMResolver.swift in Sources */,
				C0000000000000000000A005 /* AudioPlayer.swift in Sources */,
				C0000000000000000000A007 /* AudioSettings.swift in Sources */,
				C0000000000000000000A008 /* AudioPlayerService.swift in Sources */,
				9F9B2ACA6E249E14A3E0F554 /* IconAsset.swift in Sources */,
				0F6131BF98A95CB10A210340 /* DesignSystem.swift in Sources */,
				2AEAEDBC79209367C0B8C2BA /* CozyCard.swift in Sources */,
				AD6B11C78AB3C226AC420EDA /* PrimaryActionButton.swift in Sources */,
				45F7AFCF7CDEA8921A11CD23 /* HomeBadgeLabel.swift in Sources */,
				E6D9C90F405C237B501F35CD /* JourneyTopBar.swift in Sources */,
				7EECC6B1B345E9C882641297 /* LifeStatusView.swift in Sources */,
				666B2FE2467C83BB177BA196 /* DailyChallengeHeroCard.swift in Sources */,
				B044D9BC9A8FE7803E5EAF7D /* StreakAndBadgeCard.swift in Sources */,
				D0C14DD5F68C89116F5D8466 /* DailyHubView.swift in Sources */,
				065DCC50D24865D28FAA78A6 /* TitleScreenView.swift in Sources */,
				32279F493F5E99555ABC0F29 /* RootTabView.swift in Sources */,
				58C2CEA26D199AFA5C6389E2 /* TabTopStrip.swift in Sources */,
				2B48EA2D9EDBE727D8CAE64D /* AnimationProfile.swift in Sources */,
				B33FEBE2669E3C553801BEE7 /* CelebrationEvent.swift in Sources */,
				B30C8EF6E6DBE986B1AB21DE /* CelebrationDetector.swift in Sources */,
				D7CA5F35CCE12938386E0490 /* CelebrationCoordinator.swift in Sources */,
				1EDBA216EB6EC347588C3828 /* CelebrationFlowState.swift in Sources */,
				D6052BCEB83888852903AC59 /* ParticleEmitterView.swift in Sources */,
				725BF3D90D493D9D66AB8F86 /* ChapterClearView.swift in Sources */,
				CF8A10526842957829E11C84 /* JourneyCompleteView.swift in Sources */,
				1ADA63F18F40410539B15AAA /* MonthlyCompleteView.swift in Sources */,
				4B9028C694BD7F96945A6103 /* MilestoneToastView.swift in Sources */,
				889686CB38585C19BE36231A /* MilestoneToastHost.swift in Sources */,
				EBB7BEC89EDC2E88D471A728 /* DebugMenuView.swift in Sources */,
			);
			runOnlyForDeploymentPostprocessing = 0;
		};
		A00000000000000000000062 /* Sources */ = {
			isa = PBXSourcesBuildPhase;
			buildActionMask = 2147483647;
			files = (
				A00000000000000000000016 /* FilledCellsCodecTests.swift in Sources */,
				A00000000000000000000017 /* GameSessionStoreTests.swift in Sources */,
				A00000000000000000000085 /* JourneyProgressSnapshotTests.swift in Sources */,
				A00000000000000000000086 /* JourneyResetCoordinatorTests.swift in Sources */,
				A00000000000000000000089 /* LocalizationTests.swift in Sources */,
				A00000000000000000000096 /* DailyExperienceTests.swift in Sources */,
				C0000000000000000000A001 /* AudioAssetTests.swift in Sources */,
				C0000000000000000000A003 /* ChapterBGMResolverTests.swift in Sources */,
				C0000000000000000000A006 /* AudioSettingsTests.swift in Sources */,
				44F4AD03196B1E2BA03D3FF5 /* AnimationProfileTests.swift in Sources */,
				FF929BE7BB922C2464AB8810 /* CelebrationDetectorTests.swift in Sources */,
				5AFC7EB756392240D81613B7 /* CelebrationCoordinatorTests.swift in Sources */,
				BEBB9655573DCD004CF1CC0E /* CelebrationsSeenStorageTests.swift in Sources */,
			);
			runOnlyForDeploymentPostprocessing = 0;
		};
/* End PBXSourcesBuildPhase section */

/* Begin PBXTargetDependency section */
		A00000000000000000000064 /* PBXTargetDependency */ = {
			isa = PBXTargetDependency;
			target = A00000000000000000000040 /* PixelColoringGame */;
			targetProxy = A00000000000000000000018 /* PBXContainerItemProxy */;
		};
/* End PBXTargetDependency section */

/* Begin XCBuildConfiguration section */
		A00000000000000000000070 /* Debug */ = {
			isa = XCBuildConfiguration;
			buildSettings = {
				ALWAYS_SEARCH_USER_PATHS = NO;
				CLANG_ENABLE_MODULES = YES;
				CLANG_ENABLE_OBJC_ARC = YES;
				COPY_PHASE_STRIP = NO;
				DEBUG_INFORMATION_FORMAT = dwarf;
				ENABLE_STRICT_OBJC_MSGSEND = YES;
				ENABLE_TESTABILITY = YES;
				GCC_C_LANGUAGE_STANDARD = gnu17;
				GCC_DYNAMIC_NO_PIC = NO;
				GCC_NO_COMMON_BLOCKS = YES;
				GCC_OPTIMIZATION_LEVEL = 0;
				GCC_PREPROCESSOR_DEFINITIONS = (
					"DEBUG=1",
					"$(inherited)",
				);
				MTL_ENABLE_DEBUG_INFO = INCLUDE_SOURCE;
				ONLY_ACTIVE_ARCH = YES;
				SDKROOT = iphoneos;
				SWIFT_ACTIVE_COMPILATION_CONDITIONS = DEBUG;
			};
			name = Debug;
		};
		A00000000000000000000071 /* Release */ = {
			isa = XCBuildConfiguration;
			buildSettings = {
				ALWAYS_SEARCH_USER_PATHS = NO;
				CLANG_ENABLE_MODULES = YES;
				CLANG_ENABLE_OBJC_ARC = YES;
				COPY_PHASE_STRIP = NO;
				DEBUG_INFORMATION_FORMAT = "dwarf-with-dsym";
				ENABLE_NS_ASSERTIONS = NO;
				ENABLE_STRICT_OBJC_MSGSEND = YES;
				GCC_C_LANGUAGE_STANDARD = gnu17;
				GCC_NO_COMMON_BLOCKS = YES;
				MTL_ENABLE_DEBUG_INFO = NO;
				SDKROOT = iphoneos;
				SWIFT_COMPILATION_MODE = wholemodule;
				VALIDATE_PRODUCT = YES;
			};
			name = Release;
		};
		A00000000000000000000072 /* Debug */ = {
			isa = XCBuildConfiguration;
			buildSettings = {
				ASSETCATALOG_COMPILER_APPICON_NAME = AppIcon;
				ASSETCATALOG_COMPILER_GENERATE_SWIFT_ASSET_SYMBOL_EXTENSIONS = NO;
				CODE_SIGN_IDENTITY = "Apple Development";
				CODE_SIGN_STYLE = Automatic;
				CURRENT_PROJECT_VERSION = 3;
				DEVELOPMENT_TEAM = GTSKY79NKD;
				INFOPLIST_FILE = PixelColoringGame/Info.plist;
				INFOPLIST_OUTPUT_FORMAT = xml;
				IPHONEOS_DEPLOYMENT_TARGET = 17.0;
				LD_RUNPATH_SEARCH_PATHS = (
					"$(inherited)",
					"@executable_path/Frameworks",
				);
				MARKETING_VERSION = 1.1;
				PRODUCT_BUNDLE_IDENTIFIER = com.pixelbloom.app;
				PRODUCT_NAME = "$(TARGET_NAME)";
				PROVISIONING_PROFILE_SPECIFIER = "";
				SDKROOT = iphoneos;
				SUPPORTED_PLATFORMS = "iphoneos iphonesimulator";
				SWIFT_EMIT_LOC_STRINGS = YES;
				SWIFT_VERSION = 6.0;
				TARGETED_DEVICE_FAMILY = "1,2";
			};
			name = Debug;
		};
		A00000000000000000000073 /* Release */ = {
			isa = XCBuildConfiguration;
			buildSettings = {
				ASSETCATALOG_COMPILER_APPICON_NAME = AppIcon;
				ASSETCATALOG_COMPILER_GENERATE_SWIFT_ASSET_SYMBOL_EXTENSIONS = NO;
				CODE_SIGN_IDENTITY = "Apple Development";
				CODE_SIGN_STYLE = Automatic;
				CURRENT_PROJECT_VERSION = 3;
				DEVELOPMENT_TEAM = GTSKY79NKD;
				INFOPLIST_FILE = PixelColoringGame/Info.plist;
				INFOPLIST_OUTPUT_FORMAT = xml;
				IPHONEOS_DEPLOYMENT_TARGET = 17.0;
				LD_RUNPATH_SEARCH_PATHS = (
					"$(inherited)",
					"@executable_path/Frameworks",
				);
				MARKETING_VERSION = 1.1;
				PRODUCT_BUNDLE_IDENTIFIER = com.pixelbloom.app;
				PRODUCT_NAME = "$(TARGET_NAME)";
				PROVISIONING_PROFILE_SPECIFIER = "";
				SDKROOT = iphoneos;
				SUPPORTED_PLATFORMS = "iphoneos iphonesimulator";
				SWIFT_EMIT_LOC_STRINGS = YES;
				SWIFT_VERSION = 6.0;
				TARGETED_DEVICE_FAMILY = "1,2";
			};
			name = Release;
		};
		A00000000000000000000074 /* Debug */ = {
			isa = XCBuildConfiguration;
			buildSettings = {
				BUNDLE_LOADER = "$(TEST_HOST)";
				CODE_SIGN_STYLE = Automatic;
				CURRENT_PROJECT_VERSION = 1;
				DEVELOPMENT_TEAM = GTSKY79NKD;
				GENERATE_INFOPLIST_FILE = YES;
				INFOPLIST_KEY_CFBundleIdentifier = "$(PRODUCT_BUNDLE_IDENTIFIER)";
				INFOPLIST_KEY_CFBundleVersion = "$(CURRENT_PROJECT_VERSION)";
				IPHONEOS_DEPLOYMENT_TARGET = 17.0;
				LD_RUNPATH_SEARCH_PATHS = (
					"$(inherited)",
					"@executable_path/Frameworks",
					"@loader_path/Frameworks",
				);
				PRODUCT_BUNDLE_IDENTIFIER = com.pixelbloom.app.tests;
				PRODUCT_NAME = "$(TARGET_NAME)";
				SDKROOT = iphoneos;
				SUPPORTED_PLATFORMS = "iphoneos iphonesimulator";
				SWIFT_VERSION = 6.0;
				TARGETED_DEVICE_FAMILY = "1,2";
				TEST_HOST = "$(BUILT_PRODUCTS_DIR)/PixelColoringGame.app/PixelColoringGame";
			};
			name = Debug;
		};
		A00000000000000000000075 /* Release */ = {
			isa = XCBuildConfiguration;
			buildSettings = {
				BUNDLE_LOADER = "$(TEST_HOST)";
				CODE_SIGN_STYLE = Automatic;
				CURRENT_PROJECT_VERSION = 1;
				DEVELOPMENT_TEAM = GTSKY79NKD;
				GENERATE_INFOPLIST_FILE = YES;
				INFOPLIST_KEY_CFBundleIdentifier = "$(PRODUCT_BUNDLE_IDENTIFIER)";
				INFOPLIST_KEY_CFBundleVersion = "$(CURRENT_PROJECT_VERSION)";
				IPHONEOS_DEPLOYMENT_TARGET = 17.0;
				LD_RUNPATH_SEARCH_PATHS = (
					"$(inherited)",
					"@executable_path/Frameworks",
					"@loader_path/Frameworks",
				);
				PRODUCT_BUNDLE_IDENTIFIER = com.pixelbloom.app.tests;
				PRODUCT_NAME = "$(TARGET_NAME)";
				SDKROOT = iphoneos;
				SUPPORTED_PLATFORMS = "iphoneos iphonesimulator";
				SWIFT_VERSION = 6.0;
				TARGETED_DEVICE_FAMILY = "1,2";
				TEST_HOST = "$(BUILT_PRODUCTS_DIR)/PixelColoringGame.app/PixelColoringGame";
			};
			name = Release;
		};
/* End XCBuildConfiguration section */

/* Begin XCConfigurationList section */
		A00000000000000000000050 /* Build configuration list for PBXNativeTarget "PixelColoringGame" */ = {
			isa = XCConfigurationList;
			buildConfigurations = (
				A00000000000000000000072 /* Debug */,
				A00000000000000000000073 /* Release */,
			);
			defaultConfigurationIsVisible = 0;
			defaultConfigurationName = Release;
		};
		A00000000000000000000051 /* Build configuration list for PBXNativeTarget "PixelColoringGameTests" */ = {
			isa = XCConfigurationList;
			buildConfigurations = (
				A00000000000000000000074 /* Debug */,
				A00000000000000000000075 /* Release */,
			);
			defaultConfigurationIsVisible = 0;
			defaultConfigurationName = Release;
		};
		A00000000000000000000052 /* Build configuration list for PBXProject "PixelColoringGame" */ = {
			isa = XCConfigurationList;
			buildConfigurations = (
				A00000000000000000000070 /* Debug */,
				A00000000000000000000071 /* Release */,
			);
			defaultConfigurationIsVisible = 0;
			defaultConfigurationName = Release;
		};
/* End XCConfigurationList section */

/* Begin XCRemoteSwiftPackageReference section */
		D4F688382FCDA26E00F3D662 /* XCRemoteSwiftPackageReference "swift-package-manager-google-mobile-ads" */ = {
			isa = XCRemoteSwiftPackageReference;
			repositoryURL = "https://github.com/googleads/swift-package-manager-google-mobile-ads.git";
			requirement = {
				kind = upToNextMajorVersion;
				minimumVersion = 12.0.0;
			};
		};
		D4F6883B2FCDA3CD00F3D662 /* XCRemoteSwiftPackageReference "swift-package-manager-google-user-messaging-platform" */ = {
			isa = XCRemoteSwiftPackageReference;
			repositoryURL = "https://github.com/googleads/swift-package-manager-google-user-messaging-platform.git";
			requirement = {
				kind = upToNextMajorVersion;
				minimumVersion = 3.0.0;
			};
		};
/* End XCRemoteSwiftPackageReference section */

/* Begin XCSwiftPackageProductDependency section */
		D4F688392FCDA26E00F3D662 /* GoogleMobileAds */ = {
			isa = XCSwiftPackageProductDependency;
			package = D4F688382FCDA26E00F3D662 /* XCRemoteSwiftPackageReference "swift-package-manager-google-mobile-ads" */;
			productName = GoogleMobileAds;
		};
/* End XCSwiftPackageProductDependency section */
	};
	rootObject = A00000000000000000000030 /* Project object */;
}
